{
  "name": "Team26",
  "lockfileVersion": 3,
  "requires": true,
  "packages": {
    "": {
      "dependencies": {
        "@mediapipe/camera_utils": "^0.3.1675466862",
        "@mediapipe/drawing_utils": "^0.3.1675466124",
        "@mediapipe/pose": "^0.5.1675469404"
      }
    },
    "node_modules/@mediapipe/camera_utils": {
      "version": "0.3.1675466862",
      "resolved": "https://registry.npmjs.org/@mediapipe/camera_utils/-/camera_utils-0.3.1675466862.tgz",
      "integrity": "sha512-siuXBoUxWo9WL0MeAxIxvxY04bvbtdNl7uCxoJxiAiRtNnCYrurr7Vl5VYQ94P7Sq0gVq6PxIDhWWeZ/pLnSzw=="
    },
    "node_modules/@mediapipe/drawing_utils": {
      "version": "0.3.1675466124",
      "resolved": "https://registry.npmjs.org/@mediapipe/drawing_utils/-/drawing_utils-0.3.1675466124.tgz",
      "integrity": "sha512-/IWIB/iYRMtiUKe3k7yGqvwseWHCOqzVpRDfMgZ6gv9z7EEimg6iZbRluoPbcNKHbYSxN5yOvYTzUYb8KVf22Q=="
    },
    "node_modules/@mediapipe/pose": {
      "version": "0.5.1675469404",
      "resolved": "https://registry.npmjs.org/@mediapipe/pose/-/pose-0.5.1675469404.tgz",
      "integrity": "sha512-DFZsNWTsSphRIZppnUCuunzBiHP2FdJXR9ehc7mMi4KG+oPaOH0Em3d6kr7Py+TSyTXC1doH88KcF28k2sBxsQ=="
    }
  }
}
